
Microsoft Visual Studio Solution File, Format Version 12.00
# Visual Studio Version 17
VisualStudioVersion = 17.3.32929.385
MinimumVisualStudioVersion = 10.0.40219.1
Project("{00D1A9C2-B5F0-4AF3-8072-F6C62B433612}") = "projectOR", "projectOR\projectOR.sqlproj", "{B254712F-FCBD-4059-A5B2-168B3113C320}"
EndProject
Global
	GlobalSection(SolutionConfigurationPlatforms) = preSolution
		Debug|Any CPU = Debug|Any CPU
		Release|Any CPU = Release|Any CPU
	EndGlobalSection
	GlobalSection(ProjectConfigurationPlatforms) = postSolution
		{B254712F-FCBD-4059-A5B2-168B3113C320}.Debug|Any CPU.ActiveCfg = Debug|Any CPU
		{B254712F-FCBD-4059-A5B2-168B3113C320}.Debug|Any CPU.Build.0 = Debug|Any CPU
		{B254712F-FCBD-4059-A5B2-168B3113C320}.Debug|Any CPU.Deploy.0 = Debug|Any CPU
		{B254712F-FCBD-4059-A5B2-168B3113C320}.Release|Any CPU.ActiveCfg = Release|Any CPU
		{B254712F-FCBD-4059-A5B2-168B3113C320}.Release|Any CPU.Build.0 = Release|Any CPU
		{B254712F-FCBD-4059-A5B2-168B3113C320}.Release|Any CPU.Deploy.0 = Release|Any CPU
	EndGlobalSection
	GlobalSection(SolutionProperties) = preSolution
		HideSolutionNode = FALSE
	EndGlobalSection
	GlobalSection(ExtensibilityGlobals) = postSolution
		SolutionGuid = {64257BDC-2BE6-4AA2-83A3-6BE7D89999EC}
	EndGlobalSection
EndGlobal
